dependencies:
  espp/base_component:
    component_hash: 25c5b62f158887e1dc2aae17141d28bdae08e2f7af91bc9f6506933169095f74
    dependencies:
    - name: espp/logger
      registry_url: https://components.espressif.com
      require: private
      version: '>=1.0'
    - name: idf
      require: private
      version: '>=5.0'
    source:
      registry_url: https://components.espressif.com
      type: service
    version: 1.0.22
  espp/cli:
    component_hash: 572424c9f5b09cd815e76b1fe89ecd391707b49106db15807b0927187704cac1
    dependencies:
    - name: espp/logger
      registry_url: https://components.espressif.com
      require: private
      version: '>=1.0'
    - name: idf
      require: private
      version: '>=5.0'
    source:
      registry_url: https://components.espressif.com
      type: service
    version: 1.0.22
  espp/format:
    component_hash: c131458fb5e0b6b1cc0d8042acaf676b57e2ac8fe232df02fee202bd43a510b7
    dependencies:
    - name: idf
      require: private
      version: '>=5.0'
    source:
      registry_url: https://components.espressif.com
      type: service
    version: 1.0.22
  espp/logger:
    component_hash: 88fc12fcab4e8335695c816e72599f15a478ecf4bcf753e7ede720857cb21be1
    dependencies:
    - name: espp/format
      registry_url: https://components.espressif.com
      require: private
      version: '>=1.0'
    - name: idf
      require: private
      version: '>=5.0'
    source:
      registry_url: https://components.espressif.com
      type: service
    version: 1.0.22
  espp/nvs:
    component_hash: 69cfa3529eb8d335948d0cceb38d01475ac860fd90bd09580cb6e75f502ba142
    dependencies:
    - name: espp/base_component
      registry_url: https://components.espressif.com
      require: private
      version: '>=1.0'
    - name: idf
      require: private
      version: '>=5.0'
    source:
      registry_url: https://components.espressif.com/
      type: service
    version: 1.0.11
  espp/wifi:
    component_hash: d7f4969357036ac5d9f4a68eea0838e383ccfbaf2b0f6c9e40c5c8776c116749
    dependencies:
    - name: espp/base_component
      registry_url: https://components.espressif.com
      require: private
      version: '>=1.0'
    - name: espp/cli
      registry_url: https://components.espressif.com
      require: private
      version: '>=1.0'
    - name: idf
      require: private
      version: '>=5.0'
    source:
      registry_url: https://components.espressif.com/
      type: service
    version: 1.0.11
  espressif/esp-modbus:
    component_hash: a3db3edf2820121f55a91106bd480af26ba18338c764d242d283fc07b2f94832
    dependencies:
    - name: idf
      require: private
      version: '>=5.0'
    source:
      registry_url: https://components.espressif.com/
      type: service
    version: 2.1.0
  espressif/network_provisioning:
    component_hash: 21c45dd9cf570c12671e1678ddcfabe77471afa979bcff207a8478b45b58667a
    dependencies:
    - name: idf
      require: private
      version: '>=5.1'
    source:
      registry_url: https://components.espressif.com/
      type: service
    version: 1.0.5
  idf:
    source:
      type: idf
    version: 5.4.1
  k0i05/esp_ssd1306:
    component_hash: 7df2506f5eddfddc910cb716dcdc1b673ca5df332d25a8dc3a49e071e6ed2390
    dependencies:
    - name: idf
      require: private
      version: '>5.3.0'
    - name: k0i05/esp_type_utils
      registry_url: https://components.espressif.com
      require: private
      version: '>=1.0.0'
    source:
      registry_url: https://components.espressif.com/
      type: service
    targets:
    - esp32
    - esp32s3
    version: 1.2.6
  k0i05/esp_type_utils:
    component_hash: 0315aa7577c96037b601be7499c4b434d32d4ae381e90308ac0da3323e3887dc
    dependencies:
    - name: idf
      require: private
      version: '>5.3.0'
    source:
      registry_url: https://components.espressif.com
      type: service
    targets:
    - esp32
    - esp32s3
    version: 1.2.6
direct_dependencies:
- espp/nvs
- espp/wifi
- espressif/esp-modbus
- espressif/network_provisioning
- idf
- k0i05/esp_ssd1306
manifest_hash: 570945bb1877420d8839f334e942596547b259a0e321b64aa74a4939d8779f53
target: esp32
version: 2.0.0
